
Microsoft Visual Studio Solution File, Format Version 12.00
# Visual Studio 14
VisualStudioVersion = 14.0.24720.0
MinimumVisualStudioVersion = 10.0.40219.1
Project("{FAE04EC0-301F-11D3-BF4B-00C04F79EFBC}") = "RunExecutableForCAB", "RunExecutableForCAB\RunExecutableForCAB.csproj", "{CCC038CB-CC78-4061-8BEE-67F91B12936B}"
EndProject
Project("{FAE04EC0-301F-11D3-BF4B-00C04F79EFBC}") = "TiTGActiveXVideoControl", "TiTGActiveXVideoControl\TiTGActiveXVideoControl.csproj", "{9426B33B-6012-4735-AF48-81224E1A29BE}"
EndProject
Project("{54435603-DBB4-11D2-8724-00A0C9A8B90C}") = "TiTGActiveXControlInstaller", "TiTGActiveXControlInstaller\TiTGActiveXControlInstaller.vdproj", "{28B68094-BF52-4AF7-B011-09D4963FABD3}"
EndProject
Project("{FAE04EC0-301F-11D3-BF4B-00C04F79EFBC}") = "VideoActiveX", "VideoActiveX\VideoActiveX.csproj", "{2D3A90B3-983A-421A-9BC7-D3B195A13FD2}"
EndProject
Project("{FAE04EC0-301F-11D3-BF4B-00C04F79EFBC}") = "TestActiveXVideoControl", "TestActiveXVideoControl\TestActiveXVideoControl.csproj", "{DA9311B0-EF19-4C8C-BE88-BEBFB3C8CCA3}"
	ProjectSection(ProjectDependencies) = postProject
		{9426B33B-6012-4735-AF48-81224E1A29BE} = {9426B33B-6012-4735-AF48-81224E1A29BE}
	EndProjectSection
EndProject
Global
	GlobalSection(SolutionConfigurationPlatforms) = preSolution
		Debug|Any CPU = Debug|Any CPU
		Debug|Mixed Platforms = Debug|Mixed Platforms
		Debug|x86 = Debug|x86
		Release|Any CPU = Release|Any CPU
		Release|Mixed Platforms = Release|Mixed Platforms
		Release|x86 = Release|x86
	EndGlobalSection
	GlobalSection(ProjectConfigurationPlatforms) = postSolution
		{CCC038CB-CC78-4061-8BEE-67F91B12936B}.Debug|Any CPU.ActiveCfg = Debug|x86
		{CCC038CB-CC78-4061-8BEE-67F91B12936B}.Debug|Mixed Platforms.ActiveCfg = Debug|x86
		{CCC038CB-CC78-4061-8BEE-67F91B12936B}.Debug|x86.ActiveCfg = Debug|x86
		{CCC038CB-CC78-4061-8BEE-67F91B12936B}.Debug|x86.Build.0 = Debug|x86
		{CCC038CB-CC78-4061-8BEE-67F91B12936B}.Release|Any CPU.ActiveCfg = Release|x86
		{CCC038CB-CC78-4061-8BEE-67F91B12936B}.Release|Mixed Platforms.ActiveCfg = Release|x86
		{CCC038CB-CC78-4061-8BEE-67F91B12936B}.Release|Mixed Platforms.Build.0 = Release|x86
		{CCC038CB-CC78-4061-8BEE-67F91B12936B}.Release|x86.ActiveCfg = Release|x86
		{9426B33B-6012-4735-AF48-81224E1A29BE}.Debug|Any CPU.ActiveCfg = Debug|Any CPU
		{9426B33B-6012-4735-AF48-81224E1A29BE}.Debug|Any CPU.Build.0 = Debug|Any CPU
		{9426B33B-6012-4735-AF48-81224E1A29BE}.Debug|Mixed Platforms.ActiveCfg = Debug|Any CPU
		{9426B33B-6012-4735-AF48-81224E1A29BE}.Debug|Mixed Platforms.Build.0 = Debug|Any CPU
		{9426B33B-6012-4735-AF48-81224E1A29BE}.Debug|x86.ActiveCfg = Debug|x86
		{9426B33B-6012-4735-AF48-81224E1A29BE}.Release|Any CPU.ActiveCfg = Release|Any CPU
		{9426B33B-6012-4735-AF48-81224E1A29BE}.Release|Any CPU.Build.0 = Release|Any CPU
		{9426B33B-6012-4735-AF48-81224E1A29BE}.Release|Mixed Platforms.ActiveCfg = Release|Any CPU
		{9426B33B-6012-4735-AF48-81224E1A29BE}.Release|Mixed Platforms.Build.0 = Release|Any CPU
		{9426B33B-6012-4735-AF48-81224E1A29BE}.Release|x86.ActiveCfg = Release|x86
		{9426B33B-6012-4735-AF48-81224E1A29BE}.Release|x86.Build.0 = Release|x86
		{28B68094-BF52-4AF7-B011-09D4963FABD3}.Debug|Any CPU.ActiveCfg = Debug
		{28B68094-BF52-4AF7-B011-09D4963FABD3}.Debug|Any CPU.Build.0 = Debug
		{28B68094-BF52-4AF7-B011-09D4963FABD3}.Debug|Mixed Platforms.ActiveCfg = Debug
		{28B68094-BF52-4AF7-B011-09D4963FABD3}.Debug|x86.ActiveCfg = Debug
		{28B68094-BF52-4AF7-B011-09D4963FABD3}.Release|Any CPU.ActiveCfg = Release
		{28B68094-BF52-4AF7-B011-09D4963FABD3}.Release|Any CPU.Build.0 = Release
		{28B68094-BF52-4AF7-B011-09D4963FABD3}.Release|Mixed Platforms.ActiveCfg = Release
		{28B68094-BF52-4AF7-B011-09D4963FABD3}.Release|x86.ActiveCfg = Release
		{2D3A90B3-983A-421A-9BC7-D3B195A13FD2}.Debug|Any CPU.ActiveCfg = Debug|Any CPU
		{2D3A90B3-983A-421A-9BC7-D3B195A13FD2}.Debug|Any CPU.Build.0 = Debug|Any CPU
		{2D3A90B3-983A-421A-9BC7-D3B195A13FD2}.Debug|Mixed Platforms.ActiveCfg = Debug|Any CPU
		{2D3A90B3-983A-421A-9BC7-D3B195A13FD2}.Debug|Mixed Platforms.Build.0 = Debug|Any CPU
		{2D3A90B3-983A-421A-9BC7-D3B195A13FD2}.Debug|x86.ActiveCfg = Debug|Any CPU
		{2D3A90B3-983A-421A-9BC7-D3B195A13FD2}.Release|Any CPU.ActiveCfg = Release|Any CPU
		{2D3A90B3-983A-421A-9BC7-D3B195A13FD2}.Release|Any CPU.Build.0 = Release|Any CPU
		{2D3A90B3-983A-421A-9BC7-D3B195A13FD2}.Release|Mixed Platforms.ActiveCfg = Release|Any CPU
		{2D3A90B3-983A-421A-9BC7-D3B195A13FD2}.Release|Mixed Platforms.Build.0 = Release|Any CPU
		{2D3A90B3-983A-421A-9BC7-D3B195A13FD2}.Release|x86.ActiveCfg = Release|Any CPU
		{DA9311B0-EF19-4C8C-BE88-BEBFB3C8CCA3}.Debug|Any CPU.ActiveCfg = Debug|x86
		{DA9311B0-EF19-4C8C-BE88-BEBFB3C8CCA3}.Debug|Any CPU.Build.0 = Debug|x86
		{DA9311B0-EF19-4C8C-BE88-BEBFB3C8CCA3}.Debug|Mixed Platforms.ActiveCfg = Debug|x86
		{DA9311B0-EF19-4C8C-BE88-BEBFB3C8CCA3}.Debug|Mixed Platforms.Build.0 = Debug|x86
		{DA9311B0-EF19-4C8C-BE88-BEBFB3C8CCA3}.Debug|x86.ActiveCfg = Debug|x86
		{DA9311B0-EF19-4C8C-BE88-BEBFB3C8CCA3}.Debug|x86.Build.0 = Debug|x86
		{DA9311B0-EF19-4C8C-BE88-BEBFB3C8CCA3}.Release|Any CPU.ActiveCfg = Release|x86
		{DA9311B0-EF19-4C8C-BE88-BEBFB3C8CCA3}.Release|Mixed Platforms.ActiveCfg = Release|x86
		{DA9311B0-EF19-4C8C-BE88-BEBFB3C8CCA3}.Release|Mixed Platforms.Build.0 = Release|x86
		{DA9311B0-EF19-4C8C-BE88-BEBFB3C8CCA3}.Release|x86.ActiveCfg = Release|x86
		{DA9311B0-EF19-4C8C-BE88-BEBFB3C8CCA3}.Release|x86.Build.0 = Release|x86
	EndGlobalSection
	GlobalSection(SolutionProperties) = preSolution
		HideSolutionNode = FALSE
	EndGlobalSection
EndGlobal
